// !$*UTF8*$!
{
	archiveVersion = 1;
	classes = {
	};
	objectVersion = 56;
	objects = {

/* Begin PBXBuildFile section */
		943F4A222B9FA74700A7D21A /* CreateLoView.swift in Sources */ = {isa = PBXBuildFile; fileRef = 943F4A212B9FA74600A7D21A /* CreateLoView.swift */; };
		943F4A242B9FA7C300A7D21A /* LoCoordinator.swift in Sources */ = {isa = PBXBuildFile; fileRef = 943F4A232B9FA7C300A7D21A /* LoCoordinator.swift */; };
		943F4A262B9FA86C00A7D21A /* Location.swift in Sources */ = {isa = PBXBuildFile; fileRef = 943F4A252B9FA86C00A7D21A /* Location.swift */; };
		943F4A282B9FAC6000A7D21A /* LoStore.swift in Sources */ = {isa = PBXBuildFile; fileRef = 943F4A272B9FAC6000A7D21A /* LoStore.swift */; };
		943F4A2A2B9FAED200A7D21A /* LoStoreView.swift in Sources */ = {isa = PBXBuildFile; fileRef = 943F4A292B9FAED200A7D21A /* LoStoreView.swift */; };
		943F4A2C2B9FB17000A7D21A /* LoView.swift in Sources */ = {isa = PBXBuildFile; fileRef = 943F4A2B2B9FB17000A7D21A /* LoView.swift */; };
		945978D12BA8DF8300CA2245 /* PhotoAsset.swift in Sources */ = {isa = PBXBuildFile; fileRef = 945978D02BA8DF8200CA2245 /* PhotoAsset.swift */; };
		945978D32BA9F8FA00CA2245 /* PhotoGridView.swift in Sources */ = {isa = PBXBuildFile; fileRef = 945978D22BA9F8FA00CA2245 /* PhotoGridView.swift */; };
		945978D52BAB810000CA2245 /* PhoAssView.swift in Sources */ = {isa = PBXBuildFile; fileRef = 945978D42BAB810000CA2245 /* PhoAssView.swift */; };
		945978D72BAB89AE00CA2245 /* LocRowView.swift in Sources */ = {isa = PBXBuildFile; fileRef = 945978D62BAB89AE00CA2245 /* LocRowView.swift */; };
		94C4514D2B8D348200ECDC35 /* LocationDemoApp.swift in Sources */ = {isa = PBXBuildFile; fileRef = 94C4514C2B8D348200ECDC35 /* LocationDemoApp.swift */; };
		94C4514F2B8D348200ECDC35 /* ContentView.swift in Sources */ = {isa = PBXBuildFile; fileRef = 94C4514E2B8D348200ECDC35 /* ContentView.swift */; };
		94C451512B8D348300ECDC35 /* Assets.xcassets in Resources */ = {isa = PBXBuildFile; fileRef = 94C451502B8D348300ECDC35 /* Assets.xcassets */; };
		94C451542B8D348300ECDC35 /* Preview Assets.xcassets in Resources */ = {isa = PBXBuildFile; fileRef = 94C451532B8D348300ECDC35 /* Preview Assets.xcassets */; };
/* End PBXBuildFile section */

/* Begin PBXFileReference section */
		943F4A212B9FA74600A7D21A /* CreateLoView.swift */ = {isa = PBXFileReference; lastKnownFileType = sourcecode.swift; path = CreateLoView.swift; sourceTree = "<group>"; };
		943F4A232B9FA7C300A7D21A /* LoCoordinator.swift */ = {isa = PBXFileReference; lastKnownFileType = sourcecode.swift; path = LoCoordinator.swift; sourceTree = "<group>"; };
		943F4A252B9FA86C00A7D21A /* Location.swift */ = {isa = PBXFileReference; lastKnownFileType = sourcecode.swift; path = Location.swift; sourceTree = "<group>"; };
		943F4A272B9FAC6000A7D21A /* LoStore.swift */ = {isa = PBXFileReference; lastKnownFileType = sourcecode.swift; path = LoStore.swift; sourceTree = "<group>"; };
		943F4A292B9FAED200A7D21A /* LoStoreView.swift */ = {isa = PBXFileReference; lastKnownFileType = sourcecode.swift; path = LoStoreView.swift; sourceTree = "<group>"; };
		943F4A2B2B9FB17000A7D21A /* LoView.swift */ = {isa = PBXFileReference; lastKnownFileType = sourcecode.swift; path = LoView.swift; sourceTree = "<group>"; };
		945978D02BA8DF8200CA2245 /* PhotoAsset.swift */ = {isa = PBXFileReference; lastKnownFileType = sourcecode.swift; path = PhotoAsset.swift; sourceTree = "<group>"; };
		945978D22BA9F8FA00CA2245 /* PhotoGridView.swift */ = {isa = PBXFileReference; lastKnownFileType = sourcecode.swift; path = PhotoGridView.swift; sourceTree = "<group>"; };
		945978D42BAB810000CA2245 /* PhoAssView.swift */ = {isa = PBXFileReference; lastKnownFileType = sourcecode.swift; path = PhoAssView.swift; sourceTree = "<group>"; };
		945978D62BAB89AE00CA2245 /* LocRowView.swift */ = {isa = PBXFileReference; lastKnownFileType = sourcecode.swift; path = LocRowView.swift; sourceTree = "<group>"; };
		94C451492B8D348200ECDC35 /* LocationDemo.app */ = {isa = PBXFileReference; explicitFileType = wrapper.application; includeInIndex = 0; path = LocationDemo.app; sourceTree = BUILT_PRODUCTS_DIR; };
		94C4514C2B8D348200ECDC35 /* LocationDemoApp.swift */ = {isa = PBXFileReference; lastKnownFileType = sourcecode.swift; path = LocationDemoApp.swift; sourceTree = "<group>"; };
		94C4514E2B8D348200ECDC35 /* ContentView.swift */ = {isa = PBXFileReference; lastKnownFileType = sourcecode.swift; path = ContentView.swift; sourceTree = "<group>"; };
		94C451502B8D348300ECDC35 /* Assets.xcassets */ = {isa = PBXFileReference; lastKnownFileType = folder.assetcatalog; path = Assets.xcassets; sourceTree = "<group>"; };
		94C451532B8D348300ECDC35 /* Preview Assets.xcassets */ = {isa = PBXFileReference; lastKnownFileType = folder.assetcatalog; path = "Preview Assets.xcassets"; sourceTree = "<group>"; };
/* End PBXFileReference section */

/* Begin PBXFrameworksBuildPhase section */
		94C451462B8D348100ECDC35 /* Frameworks */ = {
			isa = PBXFrameworksBuildPhase;
			buildActionMask = 2147483647;
			files = (
			);
			runOnlyForDeploymentPostprocessing = 0;
		};
/* End PBXFrameworksBuildPhase section */

/* Begin PBXGroup section */
		94C451402B8D348100ECDC35 = {
			isa = PBXGroup;
			children = (
				94C4514B2B8D348200ECDC35 /* LocationDemo */,
				94C4514A2B8D348200ECDC35 /* Products */,
			);
			sourceTree = "<group>";
		};
		94C4514A2B8D348200ECDC35 /* Products */ = {
			isa = PBXGroup;
			children = (
				94C451492B8D348200ECDC35 /* LocationDemo.app */,
			);
			name = Products;
			sourceTree = "<group>";
		};
		94C4514B2B8D348200ECDC35 /* LocationDemo */ = {
			isa = PBXGroup;
			children = (
				94C4514C2B8D348200ECDC35 /* LocationDemoApp.swift */,
				943F4A212B9FA74600A7D21A /* CreateLoView.swift */,
				943F4A232B9FA7C300A7D21A /* LoCoordinator.swift */,
				94C4514E2B8D348200ECDC35 /* ContentView.swift */,
				943F4A292B9FAED200A7D21A /* LoStoreView.swift */,
				945978D62BAB89AE00CA2245 /* LocRowView.swift */,
				943F4A2B2B9FB17000A7D21A /* LoView.swift */,
				945978D22BA9F8FA00CA2245 /* PhotoGridView.swift */,
				945978D42BAB810000CA2245 /* PhoAssView.swift */,
				943F4A252B9FA86C00A7D21A /* Location.swift */,
				943F4A272B9FAC6000A7D21A /* LoStore.swift */,
				945978D02BA8DF8200CA2245 /* PhotoAsset.swift */,
				94C451502B8D348300ECDC35 /* Assets.xcassets */,
				94C451522B8D348300ECDC35 /* Preview Content */,
			);
			path = LocationDemo;
			sourceTree = "<group>";
		};
		94C451522B8D348300ECDC35 /* Preview Content */ = {
			isa = PBXGroup;
			children = (
				94C451532B8D348300ECDC35 /* Preview Assets.xcassets */,
			);
			path = "Preview Content";
			sourceTree = "<group>";
		};
/* End PBXGroup section */

/* Begin PBXNativeTarget section */
		94C451482B8D348100ECDC35 /* LocationDemo */ = {
			isa = PBXNativeTarget;
			buildConfigurationList = 94C451572B8D348300ECDC35 /* Build configuration list for PBXNativeTarget "LocationDemo" */;
			buildPhases = (
				94C451452B8D348100ECDC35 /* Sources */,
				94C451462B8D348100ECDC35 /* Frameworks */,
				94C451472B8D348100ECDC35 /* Resources */,
			);
			buildRules = (
			);
			dependencies = (
			);
			name = LocationDemo;
			productName = LocationDemo;
			productReference = 94C451492B8D348200ECDC35 /* LocationDemo.app */;
			productType = "com.apple.product-type.application";
		};
/* End PBXNativeTarget section */

/* Begin PBXProject section */
		94C451412B8D348100ECDC35 /* Project object */ = {
			isa = PBXProject;
			attributes = {
				BuildIndependentTargetsInParallel = 1;
				LastSwiftUpdateCheck = 1520;
				LastUpgradeCheck = 1520;
				TargetAttributes = {
					94C451482B8D348100ECDC35 = {
						CreatedOnToolsVersion = 15.2;
					};
				};
			};
			buildConfigurationList = 94C451442B8D348100ECDC35 /* Build configuration list for PBXProject "LocationDemo" */;
			compatibilityVersion = "Xcode 14.0";
			developmentRegion = en;
			hasScannedForEncodings = 0;
			knownRegions = (
				en,
				Base,
			);
			mainGroup = 94C451402B8D348100ECDC35;
			productRefGroup = 94C4514A2B8D348200ECDC35 /* Products */;
			projectDirPath = "";
			projectRoot = "";
			targets = (
				94C451482B8D348100ECDC35 /* LocationDemo */,
			);
		};
/* End PBXProject section */

/* Begin PBXResourcesBuildPhase section */
		94C451472B8D348100ECDC35 /* Resources */ = {
			isa = PBXResourcesBuildPhase;
			buildActionMask = 2147483647;
			files = (
				94C451542B8D348300ECDC35 /* Preview Assets.xcassets in Resources */,
				94C451512B8D348300ECDC35 /* Assets.xcassets in Resources */,
			);
			runOnlyForDeploymentPostprocessing = 0;
		};
/* End PBXResourcesBuildPhase section */

/* Begin PBXSourcesBuildPhase section */
		94C451452B8D348100ECDC35 /* Sources */ = {
			isa = PBXSourcesBuildPhase;
			buildActionMask = 2147483647;
			files = (
				945978D12BA8DF8300CA2245 /* PhotoAsset.swift in Sources */,
				945978D32BA9F8FA00CA2245 /* PhotoGridView.swift in Sources */,
				943F4A2A2B9FAED200A7D21A /* LoStoreView.swift in Sources */,
				943F4A222B9FA74700A7D21A /* CreateLoView.swift in Sources */,
				945978D72BAB89AE00CA2245 /* LocRowView.swift in Sources */,
				943F4A242B9FA7C300A7D21A /* LoCoordinator.swift in Sources */,
				943F4A282B9FAC6000A7D21A /* LoStore.swift in Sources */,
				94C4514F2B8D348200ECDC35 /* ContentView.swift in Sources */,
				945978D52BAB810000CA2245 /* PhoAssView.swift in Sources */,
				943F4A2C2B9FB17000A7D21A /* LoView.swift in Sources */,
				943F4A262B9FA86C00A7D21A /* Location.swift in Sources */,
				94C4514D2B8D348200ECDC35 /* LocationDemoApp.swift in Sources */,
			);
			runOnlyForDeploymentPostprocessing = 0;
		};
/* End PBXSourcesBuildPhase section */

/* Begin XCBuildConfiguration section */
		94C451552B8D348300ECDC35 /* Debug */ = {
			isa = XCBuildConfiguration;
			buildSettings = {
				ALWAYS_SEARCH_USER_PATHS = NO;
				ASSETCATALOG_COMPILER_GENERATE_SWIFT_ASSET_SYMBOL_EXTENSIONS = YES;
				CLANG_ANALYZER_NONNULL = YES;
				CLANG_ANALYZER_NUMBER_OBJECT_CONVERSION = YES_AGGRESSIVE;
				CLANG_CXX_LANGUAGE_STANDARD = "gnu++20";
				CLANG_ENABLE_MODULES = YES;
				CLANG_ENABLE_OBJC_ARC = YES;
				CLANG_ENABLE_OBJC_WEAK = YES;
				CLANG_WARN_BLOCK_CAPTURE_AUTORELEASING = YES;
				CLANG_WARN_BOOL_CONVERSION = YES;
				CLANG_WARN_COMMA = YES;
				CLANG_WARN_CONSTANT_CONVERSION = YES;
				CLANG_WARN_DEPRECATED_OBJC_IMPLEMENTATIONS = YES;
				CLANG_WARN_DIRECT_OBJC_ISA_USAGE = YES_ERROR;
				CLANG_WARN_DOCUMENTATION_COMMENTS = YES;
				CLANG_WARN_EMPTY_BODY = YES;
				CLANG_WARN_ENUM_CONVERSION = YES;
				CLANG_WARN_INFINITE_RECURSION = YES;
				CLANG_WARN_INT_CONVERSION = YES;
				CLANG_WARN_NON_LITERAL_NULL_CONVERSION = YES;
				CLANG_WARN_OBJC_IMPLICIT_RETAIN_SELF = YES;
				CLANG_WARN_OBJC_LITERAL_CONVERSION = YES;
				CLANG_WARN_OBJC_ROOT_CLASS = YES_ERROR;
				CLANG_WARN_QUOTED_INCLUDE_IN_FRAMEWORK_HEADER = YES;
				CLANG_WARN_RANGE_LOOP_ANALYSIS = YES;
				CLANG_WARN_STRICT_PROTOTYPES = YES;
				CLANG_WARN_SUSPICIOUS_MOVE = YES;
				CLANG_WARN_UNGUARDED_AVAILABILITY = YES_AGGRESSIVE;
				CLANG_WARN_UNREACHABLE_CODE = YES;
				CLANG_WARN__DUPLICATE_METHOD_MATCH = YES;
				COPY_PHASE_STRIP = NO;
				DEBUG_INFORMATION_FORMAT = dwarf;
				ENABLE_STRICT_OBJC_MSGSEND = YES;
				ENABLE_TESTABILITY = YES;
				ENABLE_USER_SCRIPT_SANDBOXING = YES;
				GCC_C_LANGUAGE_STANDARD = gnu17;
				GCC_DYNAMIC_NO_PIC = NO;
				GCC_NO_COMMON_BLOCKS = YES;
				GCC_OPTIMIZATION_LEVEL = 0;
				GCC_PREPROCESSOR_DEFINITIONS = (
					"DEBUG=1",
					"$(inherited)",
				);
				GCC_WARN_64_TO_32_BIT_CONVERSION = YES;
				GCC_WARN_ABOUT_RETURN_TYPE = YES_ERROR;
				GCC_WARN_UNDECLARED_SELECTOR = YES;
				GCC_WARN_UNINITIALIZED_AUTOS = YES_AGGRESSIVE;
				GCC_WARN_UNUSED_FUNCTION = YES;
				GCC_WARN_UNUSED_VARIABLE = YES;
				IPHONEOS_DEPLOYMENT_TARGET = 17.2;
				LOCALIZATION_PREFERS_STRING_CATALOGS = YES;
				MTL_ENABLE_DEBUG_INFO = INCLUDE_SOURCE;
				MTL_FAST_MATH = YES;
				ONLY_ACTIVE_ARCH = YES;
				SDKROOT = iphoneos;
				SWIFT_ACTIVE_COMPILATION_CONDITIONS = "DEBUG $(inherited)";
				SWIFT_OPTIMIZATION_LEVEL = "-Onone";
			};
			name = Debug;
		};
		94C451562B8D348300ECDC35 /* Release */ = {
			isa = XCBuildConfiguration;
			buildSettings = {
				ALWAYS_SEARCH_USER_PATHS = NO;
				ASSETCATALOG_COMPILER_GENERATE_SWIFT_ASSET_SYMBOL_EXTENSIONS = YES;
				CLANG_ANALYZER_NONNULL = YES;
				CLANG_ANALYZER_NUMBER_OBJECT_CONVERSION = YES_AGGRESSIVE;
				CLANG_CXX_LANGUAGE_STANDARD = "gnu++20";
				CLANG_ENABLE_MODULES = YES;
				CLANG_ENABLE_OBJC_ARC = YES;
				CLANG_ENABLE_OBJC_WEAK = YES;
				CLANG_WARN_BLOCK_CAPTURE_AUTORELEASING = YES;
				CLANG_WARN_BOOL_CONVERSION = YES;
				CLANG_WARN_COMMA = YES;
				CLANG_WARN_CONSTANT_CONVERSION = YES;
				CLANG_WARN_DEPRECATED_OBJC_IMPLEMENTATIONS = YES;
				CLANG_WARN_DIRECT_OBJC_ISA_USAGE = YES_ERROR;
				CLANG_WARN_DOCUMENTATION_COMMENTS = YES;
				CLANG_WARN_EMPTY_BODY = YES;
				CLANG_WARN_ENUM_CONVERSION = YES;
				CLANG_WARN_INFINITE_RECURSION = YES;
				CLANG_WARN_INT_CONVERSION = YES;
				CLANG_WARN_NON_LITERAL_NULL_CONVERSION = YES;
				CLANG_WARN_OBJC_IMPLICIT_RETAIN_SELF = YES;
				CLANG_WARN_OBJC_LITERAL_CONVERSION = YES;
				CLANG_WARN_OBJC_ROOT_CLASS = YES_ERROR;
				CLANG_WARN_QUOTED_INCLUDE_IN_FRAMEWORK_HEADER = YES;
				CLANG_WARN_RANGE_LOOP_ANALYSIS = YES;
				CLANG_WARN_STRICT_PROTOTYPES = YES;
				CLANG_WARN_SUSPICIOUS_MOVE = YES;
				CLANG_WARN_UNGUARDED_AVAILABILITY = YES_AGGRESSIVE;
				CLANG_WARN_UNREACHABLE_CODE = YES;
				CLANG_WARN__DUPLICATE_METHOD_MATCH = YES;
				COPY_PHASE_STRIP = NO;
				DEBUG_INFORMATION_FORMAT = "dwarf-with-dsym";
				ENABLE_NS_ASSERTIONS = NO;
				ENABLE_STRICT_OBJC_MSGSEND = YES;
				ENABLE_USER_SCRIPT_SANDBOXING = YES;
				GCC_C_LANGUAGE_STANDARD = gnu17;
				GCC_NO_COMMON_BLOCKS = YES;
				GCC_WARN_64_TO_32_BIT_CONVERSION = YES;
				GCC_WARN_ABOUT_RETURN_TYPE = YES_ERROR;
				GCC_WARN_UNDECLARED_SELECTOR = YES;
				GCC_WARN_UNINITIALIZED_AUTOS = YES_AGGRESSIVE;
				GCC_WARN_UNUSED_FUNCTION = YES;
				GCC_WARN_UNUSED_VARIABLE = YES;
				IPHONEOS_DEPLOYMENT_TARGET = 17.2;
				LOCALIZATION_PREFERS_STRING_CATALOGS = YES;
				MTL_ENABLE_DEBUG_INFO = NO;
				MTL_FAST_MATH = YES;
				SDKROOT = iphoneos;
				SWIFT_COMPILATION_MODE = wholemodule;
				VALIDATE_PRODUCT = YES;
			};
			name = Release;
		};
		94C451582B8D348300ECDC35 /* Debug */ = {
			isa = XCBuildConfiguration;
			buildSettings = {
				ASSETCATALOG_COMPILER_APPICON_NAME = AppIcon;
				ASSETCATALOG_COMPILER_GLOBAL_ACCENT_COLOR_NAME = AccentColor;
				CODE_SIGN_STYLE = Automatic;
				CURRENT_PROJECT_VERSION = 1;
				DEVELOPMENT_ASSET_PATHS = "\"LocationDemo/Preview Content\"";
				DEVELOPMENT_TEAM = 9JHK77P69W;
				ENABLE_PREVIEWS = YES;
				GENERATE_INFOPLIST_FILE = YES;
				INFOPLIST_KEY_NSLocationWhenInUseUsageDescription = "Allow app to access device location to display on a map";
				INFOPLIST_KEY_UIApplicationSceneManifest_Generation = YES;
				INFOPLIST_KEY_UIApplicationSupportsIndirectInputEvents = YES;
				INFOPLIST_KEY_UILaunchScreen_Generation = YES;
				INFOPLIST_KEY_UISupportedInterfaceOrientations_iPad = "UIInterfaceOrientationPortrait UIInterfaceOrientationPortraitUpsideDown UIInterfaceOrientationLandscapeLeft UIInterfaceOrientationLandscapeRight";
				INFOPLIST_KEY_UISupportedInterfaceOrientations_iPhone = "UIInterfaceOrientationPortrait UIInterfaceOrientationLandscapeLeft UIInterfaceOrientationLandscapeRight";
				LD_RUNPATH_SEARCH_PATHS = (
					"$(inherited)",
					"@executable_path/Frameworks",
				);
				MARKETING_VERSION = 1.0;
				PRODUCT_BUNDLE_IDENTIFIER = edu.asu.ame.ko.LocationDemo;
				PRODUCT_NAME = "$(TARGET_NAME)";
				SWIFT_EMIT_LOC_STRINGS = YES;
				SWIFT_VERSION = 5.0;
				TARGETED_DEVICE_FAMILY = "1,2";
			};
			name = Debug;
		};
		94C451592B8D348300ECDC35 /* Release */ = {
			isa = XCBuildConfiguration;
			buildSettings = {
				ASSETCATALOG_COMPILER_APPICON_NAME = AppIcon;
				ASSETCATALOG_COMPILER_GLOBAL_ACCENT_COLOR_NAME = AccentColor;
				CODE_SIGN_STYLE = Automatic;
				CURRENT_PROJECT_VERSION = 1;
				DEVELOPMENT_ASSET_PATHS = "\"LocationDemo/Preview Content\"";
				DEVELOPMENT_TEAM = 9JHK77P69W;
				ENABLE_PREVIEWS = YES;
				GENERATE_INFOPLIST_FILE = YES;
				INFOPLIST_KEY_NSLocationWhenInUseUsageDescription = "Allow app to access device location to display on a map";
				INFOPLIST_KEY_UIApplicationSceneManifest_Generation = YES;
				INFOPLIST_KEY_UIApplicationSupportsIndirectInputEvents = YES;
				INFOPLIST_KEY_UILaunchScreen_Generation = YES;
				INFOPLIST_KEY_UISupportedInterfaceOrientations_iPad = "UIInterfaceOrientationPortrait UIInterfaceOrientationPortraitUpsideDown UIInterfaceOrientationLandscapeLeft UIInterfaceOrientationLandscapeRight";
				INFOPLIST_KEY_UISupportedInterfaceOrientations_iPhone = "UIInterfaceOrientationPortrait UIInterfaceOrientationLandscapeLeft UIInterfaceOrientationLandscapeRight";
				LD_RUNPATH_SEARCH_PATHS = (
					"$(inherited)",
					"@executable_path/Frameworks",
				);
				MARKETING_VERSION = 1.0;
				PRODUCT_BUNDLE_IDENTIFIER = edu.asu.ame.ko.LocationDemo;
				PRODUCT_NAME = "$(TARGET_NAME)";
				SWIFT_EMIT_LOC_STRINGS = YES;
				SWIFT_VERSION = 5.0;
				TARGETED_DEVICE_FAMILY = "1,2";
			};
			name = Release;
		};
/* End XCBuildConfiguration section */

/* Begin XCConfigurationList section */
		94C451442B8D348100ECDC35 /* Build configuration list for PBXProject "LocationDemo" */ = {
			isa = XCConfigurationList;
			buildConfigurations = (
				94C451552B8D348300ECDC35 /* Debug */,
				94C451562B8D348300ECDC35 /* Release */,
			);
			defaultConfigurationIsVisible = 0;
			defaultConfigurationName = Release;
		};
		94C451572B8D348300ECDC35 /* Build configuration list for PBXNativeTarget "LocationDemo" */ = {
			isa = XCConfigurationList;
			buildConfigurations = (
				94C451582B8D348300ECDC35 /* Debug */,
				94C451592B8D348300ECDC35 /* Release */,
			);
			defaultConfigurationIsVisible = 0;
			defaultConfigurationName = Release;
		};
/* End XCConfigurationList section */
	};
	rootObject = 94C451412B8D348100ECDC35 /* Project object */;
}
