// !$*UTF8*$!
{
	archiveVersion = 1;
	classes = {
	};
	objectVersion = 56;
	objects = {

/* Begin PBXBuildFile section */
		9468302F2BD9A9E30069EC87 /* Menu.swift in Sources */ = {isa = PBXBuildFile; fileRef = 9468302E2BD9A9E30069EC87 /* Menu.swift */; };
		946830312BDED1CB0069EC87 /* You Win.swift in Sources */ = {isa = PBXBuildFile; fileRef = 946830302BDED1CB0069EC87 /* You Win.swift */; };
		946830332BDFE6450069EC87 /* YouLose.swift in Sources */ = {isa = PBXBuildFile; fileRef = 946830322BDFE6450069EC87 /* YouLose.swift */; };
		94FE56922BCF832E0049235F /* GamePigeonPongApp.swift in Sources */ = {isa = PBXBuildFile; fileRef = 94FE56912BCF832E0049235F /* GamePigeonPongApp.swift */; };
		94FE56942BCF832E0049235F /* ContentView.swift in Sources */ = {isa = PBXBuildFile; fileRef = 94FE56932BCF832E0049235F /* ContentView.swift */; };
		94FE56962BCF83300049235F /* Assets.xcassets in Resources */ = {isa = PBXBuildFile; fileRef = 94FE56952BCF83300049235F /* Assets.xcassets */; };
		94FE56992BCF83300049235F /* Preview Assets.xcassets in Resources */ = {isa = PBXBuildFile; fileRef = 94FE56982BCF83300049235F /* Preview Assets.xcassets */; };
		94FE56A02BCF8A1E0049235F /* Game.swift in Sources */ = {isa = PBXBuildFile; fileRef = 94FE569F2BCF8A1E0049235F /* Game.swift */; };
		94FE56A22BD707B90049235F /* Score.swift in Sources */ = {isa = PBXBuildFile; fileRef = 94FE56A12BD707B90049235F /* Score.swift */; };
		94FE56A82BD712A40049235F /* YouLose.PNG in Resources */ = {isa = PBXBuildFile; fileRef = 94FE56A72BD712A40049235F /* YouLose.PNG */; };
		94FE56AA2BD712B60049235F /* YouWin.PNG in Resources */ = {isa = PBXBuildFile; fileRef = 94FE56A92BD712B60049235F /* YouWin.PNG */; };
		94FE56AC2BD80C400049235F /* IntroScene.swift in Sources */ = {isa = PBXBuildFile; fileRef = 94FE56AB2BD80C400049235F /* IntroScene.swift */; };
		94FE56AE2BD815B40049235F /* GameViewController.swift in Sources */ = {isa = PBXBuildFile; fileRef = 94FE56AD2BD815B40049235F /* GameViewController.swift */; };
		94FE56B02BD81D720049235F /* BallPing.mp3 in Resources */ = {isa = PBXBuildFile; fileRef = 94FE56AF2BD81D720049235F /* BallPing.mp3 */; };
		94FE56B22BD81F570049235F /* YouWin.mp3 in Resources */ = {isa = PBXBuildFile; fileRef = 94FE56B12BD81F570049235F /* YouWin.mp3 */; };
		94FE56B42BD8204F0049235F /* YouLose.mp3 in Resources */ = {isa = PBXBuildFile; fileRef = 94FE56B32BD8204F0049235F /* YouLose.mp3 */; };
/* End PBXBuildFile section */

/* Begin PBXFileReference section */
		9468302E2BD9A9E30069EC87 /* Menu.swift */ = {isa = PBXFileReference; lastKnownFileType = sourcecode.swift; path = Menu.swift; sourceTree = "<group>"; };
		946830302BDED1CB0069EC87 /* You Win.swift */ = {isa = PBXFileReference; lastKnownFileType = sourcecode.swift; path = "You Win.swift"; sourceTree = "<group>"; };
		946830322BDFE6450069EC87 /* YouLose.swift */ = {isa = PBXFileReference; fileEncoding = 4; lastKnownFileType = sourcecode.swift; path = YouLose.swift; sourceTree = "<group>"; };
		94FE568E2BCF832E0049235F /* GamePigeonPong.app */ = {isa = PBXFileReference; explicitFileType = wrapper.application; includeInIndex = 0; path = GamePigeonPong.app; sourceTree = BUILT_PRODUCTS_DIR; };
		94FE56912BCF832E0049235F /* GamePigeonPongApp.swift */ = {isa = PBXFileReference; lastKnownFileType = sourcecode.swift; path = GamePigeonPongApp.swift; sourceTree = "<group>"; };
		94FE56932BCF832E0049235F /* ContentView.swift */ = {isa = PBXFileReference; lastKnownFileType = sourcecode.swift; path = ContentView.swift; sourceTree = "<group>"; };
		94FE56952BCF83300049235F /* Assets.xcassets */ = {isa = PBXFileReference; lastKnownFileType = folder.assetcatalog; path = Assets.xcassets; sourceTree = "<group>"; };
		94FE56982BCF83300049235F /* Preview Assets.xcassets */ = {isa = PBXFileReference; lastKnownFileType = folder.assetcatalog; path = "Preview Assets.xcassets"; sourceTree = "<group>"; };
		94FE569F2BCF8A1E0049235F /* Game.swift */ = {isa = PBXFileReference; lastKnownFileType = sourcecode.swift; path = Game.swift; sourceTree = "<group>"; };
		94FE56A12BD707B90049235F /* Score.swift */ = {isa = PBXFileReference; lastKnownFileType = sourcecode.swift; path = Score.swift; sourceTree = "<group>"; };
		94FE56A72BD712A40049235F /* YouLose.PNG */ = {isa = PBXFileReference; lastKnownFileType = image.png; path = YouLose.PNG; sourceTree = "<group>"; };
		94FE56A92BD712B60049235F /* YouWin.PNG */ = {isa = PBXFileReference; lastKnownFileType = image.png; path = YouWin.PNG; sourceTree = "<group>"; };
		94FE56AB2BD80C400049235F /* IntroScene.swift */ = {isa = PBXFileReference; lastKnownFileType = sourcecode.swift; path = IntroScene.swift; sourceTree = "<group>"; };
		94FE56AD2BD815B40049235F /* GameViewController.swift */ = {isa = PBXFileReference; lastKnownFileType = sourcecode.swift; path = GameViewController.swift; sourceTree = "<group>"; };
		94FE56AF2BD81D720049235F /* BallPing.mp3 */ = {isa = PBXFileReference; lastKnownFileType = audio.mp3; path = BallPing.mp3; sourceTree = "<group>"; };
		94FE56B12BD81F570049235F /* YouWin.mp3 */ = {isa = PBXFileReference; lastKnownFileType = audio.mp3; path = YouWin.mp3; sourceTree = "<group>"; };
		94FE56B32BD8204F0049235F /* YouLose.mp3 */ = {isa = PBXFileReference; lastKnownFileType = audio.mp3; path = YouLose.mp3; sourceTree = "<group>"; };
/* End PBXFileReference section */

/* Begin PBXFrameworksBuildPhase section */
		94FE568B2BCF832E0049235F /* Frameworks */ = {
			isa = PBXFrameworksBuildPhase;
			buildActionMask = 2147483647;
			files = (
			);
			runOnlyForDeploymentPostprocessing = 0;
		};
/* End PBXFrameworksBuildPhase section */

/* Begin PBXGroup section */
		94FE56852BCF832E0049235F = {
			isa = PBXGroup;
			children = (
				94FE56902BCF832E0049235F /* GamePigeonPong */,
				94FE568F2BCF832E0049235F /* Products */,
			);
			sourceTree = "<group>";
		};
		94FE568F2BCF832E0049235F /* Products */ = {
			isa = PBXGroup;
			children = (
				94FE568E2BCF832E0049235F /* GamePigeonPong.app */,
			);
			name = Products;
			sourceTree = "<group>";
		};
		94FE56902BCF832E0049235F /* GamePigeonPong */ = {
			isa = PBXGroup;
			children = (
				94FE56912BCF832E0049235F /* GamePigeonPongApp.swift */,
				94FE569F2BCF8A1E0049235F /* Game.swift */,
				946830302BDED1CB0069EC87 /* You Win.swift */,
				946830322BDFE6450069EC87 /* YouLose.swift */,
				9468302E2BD9A9E30069EC87 /* Menu.swift */,
				94FE56AD2BD815B40049235F /* GameViewController.swift */,
				94FE56AB2BD80C400049235F /* IntroScene.swift */,
				94FE56A12BD707B90049235F /* Score.swift */,
				94FE56932BCF832E0049235F /* ContentView.swift */,
				94FE56952BCF83300049235F /* Assets.xcassets */,
				94FE56A72BD712A40049235F /* YouLose.PNG */,
				94FE56A92BD712B60049235F /* YouWin.PNG */,
				94FE56AF2BD81D720049235F /* BallPing.mp3 */,
				94FE56B12BD81F570049235F /* YouWin.mp3 */,
				94FE56B32BD8204F0049235F /* YouLose.mp3 */,
				94FE56972BCF83300049235F /* Preview Content */,
			);
			path = GamePigeonPong;
			sourceTree = "<group>";
		};
		94FE56972BCF83300049235F /* Preview Content */ = {
			isa = PBXGroup;
			children = (
				94FE56982BCF83300049235F /* Preview Assets.xcassets */,
			);
			path = "Preview Content";
			sourceTree = "<group>";
		};
/* End PBXGroup section */

/* Begin PBXNativeTarget section */
		94FE568D2BCF832E0049235F /* GamePigeonPong */ = {
			isa = PBXNativeTarget;
			buildConfigurationList = 94FE569C2BCF83300049235F /* Build configuration list for PBXNativeTarget "GamePigeonPong" */;
			buildPhases = (
				94FE568A2BCF832E0049235F /* Sources */,
				94FE568B2BCF832E0049235F /* Frameworks */,
				94FE568C2BCF832E0049235F /* Resources */,
			);
			buildRules = (
			);
			dependencies = (
			);
			name = GamePigeonPong;
			productName = GamePigeonPong;
			productReference = 94FE568E2BCF832E0049235F /* GamePigeonPong.app */;
			productType = "com.apple.product-type.application";
		};
/* End PBXNativeTarget section */

/* Begin PBXProject section */
		94FE56862BCF832E0049235F /* Project object */ = {
			isa = PBXProject;
			attributes = {
				BuildIndependentTargetsInParallel = 1;
				LastSwiftUpdateCheck = 1530;
				LastUpgradeCheck = 1530;
				TargetAttributes = {
					94FE568D2BCF832E0049235F = {
						CreatedOnToolsVersion = 15.3;
					};
				};
			};
			buildConfigurationList = 94FE56892BCF832E0049235F /* Build configuration list for PBXProject "GamePigeonPong" */;
			compatibilityVersion = "Xcode 14.0";
			developmentRegion = en;
			hasScannedForEncodings = 0;
			knownRegions = (
				en,
				Base,
			);
			mainGroup = 94FE56852BCF832E0049235F;
			productRefGroup = 94FE568F2BCF832E0049235F /* Products */;
			projectDirPath = "";
			projectRoot = "";
			targets = (
				94FE568D2BCF832E0049235F /* GamePigeonPong */,
			);
		};
/* End PBXProject section */

/* Begin PBXResourcesBuildPhase section */
		94FE568C2BCF832E0049235F /* Resources */ = {
			isa = PBXResourcesBuildPhase;
			buildActionMask = 2147483647;
			files = (
				94FE56AA2BD712B60049235F /* YouWin.PNG in Resources */,
				94FE56B42BD8204F0049235F /* YouLose.mp3 in Resources */,
				94FE56992BCF83300049235F /* Preview Assets.xcassets in Resources */,
				94FE56B22BD81F570049235F /* YouWin.mp3 in Resources */,
				94FE56962BCF83300049235F /* Assets.xcassets in Resources */,
				94FE56A82BD712A40049235F /* YouLose.PNG in Resources */,
				94FE56B02BD81D720049235F /* BallPing.mp3 in Resources */,
			);
			runOnlyForDeploymentPostprocessing = 0;
		};
/* End PBXResourcesBuildPhase section */

/* Begin PBXSourcesBuildPhase section */
		94FE568A2BCF832E0049235F /* Sources */ = {
			isa = PBXSourcesBuildPhase;
			buildActionMask = 2147483647;
			files = (
				94FE56AC2BD80C400049235F /* IntroScene.swift in Sources */,
				94FE56942BCF832E0049235F /* ContentView.swift in Sources */,
				946830332BDFE6450069EC87 /* YouLose.swift in Sources */,
				9468302F2BD9A9E30069EC87 /* Menu.swift in Sources */,
				94FE56A02BCF8A1E0049235F /* Game.swift in Sources */,
				94FE56A22BD707B90049235F /* Score.swift in Sources */,
				946830312BDED1CB0069EC87 /* You Win.swift in Sources */,
				94FE56AE2BD815B40049235F /* GameViewController.swift in Sources */,
				94FE56922BCF832E0049235F /* GamePigeonPongApp.swift in Sources */,
			);
			runOnlyForDeploymentPostprocessing = 0;
		};
/* End PBXSourcesBuildPhase section */

/* Begin XCBuildConfiguration section */
		94FE569A2BCF83300049235F /* Debug */ = {
			isa = XCBuildConfiguration;
			buildSettings = {
				ALWAYS_SEARCH_USER_PATHS = NO;
				ASSETCATALOG_COMPILER_GENERATE_SWIFT_ASSET_SYMBOL_EXTENSIONS = YES;
				CLANG_ANALYZER_NONNULL = YES;
				CLANG_ANALYZER_NUMBER_OBJECT_CONVERSION = YES_AGGRESSIVE;
				CLANG_CXX_LANGUAGE_STANDARD = "gnu++20";
				CLANG_ENABLE_MODULES = YES;
				CLANG_ENABLE_OBJC_ARC = YES;
				CLANG_ENABLE_OBJC_WEAK = YES;
				CLANG_WARN_BLOCK_CAPTURE_AUTORELEASING = YES;
				CLANG_WARN_BOOL_CONVERSION = YES;
				CLANG_WARN_COMMA = YES;
				CLANG_WARN_CONSTANT_CONVERSION = YES;
				CLANG_WARN_DEPRECATED_OBJC_IMPLEMENTATIONS = YES;
				CLANG_WARN_DIRECT_OBJC_ISA_USAGE = YES_ERROR;
				CLANG_WARN_DOCUMENTATION_COMMENTS = YES;
				CLANG_WARN_EMPTY_BODY = YES;
				CLANG_WARN_ENUM_CONVERSION = YES;
				CLANG_WARN_INFINITE_RECURSION = YES;
				CLANG_WARN_INT_CONVERSION = YES;
				CLANG_WARN_NON_LITERAL_NULL_CONVERSION = YES;
				CLANG_WARN_OBJC_IMPLICIT_RETAIN_SELF = YES;
				CLANG_WARN_OBJC_LITERAL_CONVERSION = YES;
				CLANG_WARN_OBJC_ROOT_CLASS = YES_ERROR;
				CLANG_WARN_QUOTED_INCLUDE_IN_FRAMEWORK_HEADER = YES;
				CLANG_WARN_RANGE_LOOP_ANALYSIS = YES;
				CLANG_WARN_STRICT_PROTOTYPES = YES;
				CLANG_WARN_SUSPICIOUS_MOVE = YES;
				CLANG_WARN_UNGUARDED_AVAILABILITY = YES_AGGRESSIVE;
				CLANG_WARN_UNREACHABLE_CODE = YES;
				CLANG_WARN__DUPLICATE_METHOD_MATCH = YES;
				COPY_PHASE_STRIP = NO;
				DEBUG_INFORMATION_FORMAT = dwarf;
				ENABLE_STRICT_OBJC_MSGSEND = YES;
				ENABLE_TESTABILITY = YES;
				ENABLE_USER_SCRIPT_SANDBOXING = YES;
				GCC_C_LANGUAGE_STANDARD = gnu17;
				GCC_DYNAMIC_NO_PIC = NO;
				GCC_NO_COMMON_BLOCKS = YES;
				GCC_OPTIMIZATION_LEVEL = 0;
				GCC_PREPROCESSOR_DEFINITIONS = (
					"DEBUG=1",
					"$(inherited)",
				);
				GCC_WARN_64_TO_32_BIT_CONVERSION = YES;
				GCC_WARN_ABOUT_RETURN_TYPE = YES_ERROR;
				GCC_WARN_UNDECLARED_SELECTOR = YES;
				GCC_WARN_UNINITIALIZED_AUTOS = YES_AGGRESSIVE;
				GCC_WARN_UNUSED_FUNCTION = YES;
				GCC_WARN_UNUSED_VARIABLE = YES;
				IPHONEOS_DEPLOYMENT_TARGET = 17.4;
				LOCALIZATION_PREFERS_STRING_CATALOGS = YES;
				MTL_ENABLE_DEBUG_INFO = INCLUDE_SOURCE;
				MTL_FAST_MATH = YES;
				ONLY_ACTIVE_ARCH = YES;
				SDKROOT = iphoneos;
				SWIFT_ACTIVE_COMPILATION_CONDITIONS = "DEBUG $(inherited)";
				SWIFT_OPTIMIZATION_LEVEL = "-Onone";
			};
			name = Debug;
		};
		94FE569B2BCF83300049235F /* Release */ = {
			isa = XCBuildConfiguration;
			buildSettings = {
				ALWAYS_SEARCH_USER_PATHS = NO;
				ASSETCATALOG_COMPILER_GENERATE_SWIFT_ASSET_SYMBOL_EXTENSIONS = YES;
				CLANG_ANALYZER_NONNULL = YES;
				CLANG_ANALYZER_NUMBER_OBJECT_CONVERSION = YES_AGGRESSIVE;
				CLANG_CXX_LANGUAGE_STANDARD = "gnu++20";
				CLANG_ENABLE_MODULES = YES;
				CLANG_ENABLE_OBJC_ARC = YES;
				CLANG_ENABLE_OBJC_WEAK = YES;
				CLANG_WARN_BLOCK_CAPTURE_AUTORELEASING = YES;
				CLANG_WARN_BOOL_CONVERSION = YES;
				CLANG_WARN_COMMA = YES;
				CLANG_WARN_CONSTANT_CONVERSION = YES;
				CLANG_WARN_DEPRECATED_OBJC_IMPLEMENTATIONS = YES;
				CLANG_WARN_DIRECT_OBJC_ISA_USAGE = YES_ERROR;
				CLANG_WARN_DOCUMENTATION_COMMENTS = YES;
				CLANG_WARN_EMPTY_BODY = YES;
				CLANG_WARN_ENUM_CONVERSION = YES;
				CLANG_WARN_INFINITE_RECURSION = YES;
				CLANG_WARN_INT_CONVERSION = YES;
				CLANG_WARN_NON_LITERAL_NULL_CONVERSION = YES;
				CLANG_WARN_OBJC_IMPLICIT_RETAIN_SELF = YES;
				CLANG_WARN_OBJC_LITERAL_CONVERSION = YES;
				CLANG_WARN_OBJC_ROOT_CLASS = YES_ERROR;
				CLANG_WARN_QUOTED_INCLUDE_IN_FRAMEWORK_HEADER = YES;
				CLANG_WARN_RANGE_LOOP_ANALYSIS = YES;
				CLANG_WARN_STRICT_PROTOTYPES = YES;
				CLANG_WARN_SUSPICIOUS_MOVE = YES;
				CLANG_WARN_UNGUARDED_AVAILABILITY = YES_AGGRESSIVE;
				CLANG_WARN_UNREACHABLE_CODE = YES;
				CLANG_WARN__DUPLICATE_METHOD_MATCH = YES;
				COPY_PHASE_STRIP = NO;
				DEBUG_INFORMATION_FORMAT = "dwarf-with-dsym";
				ENABLE_NS_ASSERTIONS = NO;
				ENABLE_STRICT_OBJC_MSGSEND = YES;
				ENABLE_USER_SCRIPT_SANDBOXING = YES;
				GCC_C_LANGUAGE_STANDARD = gnu17;
				GCC_NO_COMMON_BLOCKS = YES;
				GCC_WARN_64_TO_32_BIT_CONVERSION = YES;
				GCC_WARN_ABOUT_RETURN_TYPE = YES_ERROR;
				GCC_WARN_UNDECLARED_SELECTOR = YES;
				GCC_WARN_UNINITIALIZED_AUTOS = YES_AGGRESSIVE;
				GCC_WARN_UNUSED_FUNCTION = YES;
				GCC_WARN_UNUSED_VARIABLE = YES;
				IPHONEOS_DEPLOYMENT_TARGET = 17.4;
				LOCALIZATION_PREFERS_STRING_CATALOGS = YES;
				MTL_ENABLE_DEBUG_INFO = NO;
				MTL_FAST_MATH = YES;
				SDKROOT = iphoneos;
				SWIFT_COMPILATION_MODE = wholemodule;
				VALIDATE_PRODUCT = YES;
			};
			name = Release;
		};
		94FE569D2BCF83300049235F /* Debug */ = {
			isa = XCBuildConfiguration;
			buildSettings = {
				ASSETCATALOG_COMPILER_APPICON_NAME = AppIcon;
				ASSETCATALOG_COMPILER_GLOBAL_ACCENT_COLOR_NAME = AccentColor;
				CODE_SIGN_STYLE = Automatic;
				CURRENT_PROJECT_VERSION = 1;
				DEVELOPMENT_ASSET_PATHS = "\"GamePigeonPong/Preview Content\"";
				DEVELOPMENT_TEAM = 9JHK77P69W;
				ENABLE_PREVIEWS = YES;
				GENERATE_INFOPLIST_FILE = YES;
				INFOPLIST_KEY_UIApplicationSceneManifest_Generation = YES;
				INFOPLIST_KEY_UIApplicationSupportsIndirectInputEvents = YES;
				INFOPLIST_KEY_UILaunchScreen_Generation = YES;
				INFOPLIST_KEY_UISupportedInterfaceOrientations_iPad = "UIInterfaceOrientationPortrait UIInterfaceOrientationPortraitUpsideDown UIInterfaceOrientationLandscapeLeft UIInterfaceOrientationLandscapeRight";
				INFOPLIST_KEY_UISupportedInterfaceOrientations_iPhone = "UIInterfaceOrientationPortrait UIInterfaceOrientationLandscapeLeft UIInterfaceOrientationLandscapeRight";
				LD_RUNPATH_SEARCH_PATHS = (
					"$(inherited)",
					"@executable_path/Frameworks",
				);
				MARKETING_VERSION = 1.0;
				PRODUCT_BUNDLE_IDENTIFIER = edu.asu.ame.ko.GamePigeonPong;
				PRODUCT_NAME = "$(TARGET_NAME)";
				SWIFT_EMIT_LOC_STRINGS = YES;
				SWIFT_VERSION = 5.0;
				TARGETED_DEVICE_FAMILY = "1,2";
			};
			name = Debug;
		};
		94FE569E2BCF83300049235F /* Release */ = {
			isa = XCBuildConfiguration;
			buildSettings = {
				ASSETCATALOG_COMPILER_APPICON_NAME = AppIcon;
				ASSETCATALOG_COMPILER_GLOBAL_ACCENT_COLOR_NAME = AccentColor;
				CODE_SIGN_STYLE = Automatic;
				CURRENT_PROJECT_VERSION = 1;
				DEVELOPMENT_ASSET_PATHS = "\"GamePigeonPong/Preview Content\"";
				DEVELOPMENT_TEAM = 9JHK77P69W;
				ENABLE_PREVIEWS = YES;
				GENERATE_INFOPLIST_FILE = YES;
				INFOPLIST_KEY_UIApplicationSceneManifest_Generation = YES;
				INFOPLIST_KEY_UIApplicationSupportsIndirectInputEvents = YES;
				INFOPLIST_KEY_UILaunchScreen_Generation = YES;
				INFOPLIST_KEY_UISupportedInterfaceOrientations_iPad = "UIInterfaceOrientationPortrait UIInterfaceOrientationPortraitUpsideDown UIInterfaceOrientationLandscapeLeft UIInterfaceOrientationLandscapeRight";
				INFOPLIST_KEY_UISupportedInterfaceOrientations_iPhone = "UIInterfaceOrientationPortrait UIInterfaceOrientationLandscapeLeft UIInterfaceOrientationLandscapeRight";
				LD_RUNPATH_SEARCH_PATHS = (
					"$(inherited)",
					"@executable_path/Frameworks",
				);
				MARKETING_VERSION = 1.0;
				PRODUCT_BUNDLE_IDENTIFIER = edu.asu.ame.ko.GamePigeonPong;
				PRODUCT_NAME = "$(TARGET_NAME)";
				SWIFT_EMIT_LOC_STRINGS = YES;
				SWIFT_VERSION = 5.0;
				TARGETED_DEVICE_FAMILY = "1,2";
			};
			name = Release;
		};
/* End XCBuildConfiguration section */

/* Begin XCConfigurationList section */
		94FE56892BCF832E0049235F /* Build configuration list for PBXProject "GamePigeonPong" */ = {
			isa = XCConfigurationList;
			buildConfigurations = (
				94FE569A2BCF83300049235F /* Debug */,
				94FE569B2BCF83300049235F /* Release */,
			);
			defaultConfigurationIsVisible = 0;
			defaultConfigurationName = Release;
		};
		94FE569C2BCF83300049235F /* Build configuration list for PBXNativeTarget "GamePigeonPong" */ = {
			isa = XCConfigurationList;
			buildConfigurations = (
				94FE569D2BCF83300049235F /* Debug */,
				94FE569E2BCF83300049235F /* Release */,
			);
			defaultConfigurationIsVisible = 0;
			defaultConfigurationName = Release;
		};
/* End XCConfigurationList section */
	};
	rootObject = 94FE56862BCF832E0049235F /* Project object */;
}
